
Microsoft Visual Studio Solution File, Format Version 12.00
# Visual Studio Version 17
VisualStudioVersion = 17.10.35027.167
MinimumVisualStudioVersion = 10.0.40219.1
Project("{FAE04EC0-301F-11D3-BF4B-00C04F79EFBC}") = "BankingApp-OOP-Practic", "BankingApp-OOP-Practic\BankingApp-OOP-Practic.csproj", "{B48265BC-2567-4C0D-BC66-B53C4D921F29}"
EndProject
Global
	GlobalSection(SolutionConfigurationPlatforms) = preSolution
		Debug|Any CPU = Debug|Any CPU
		Release|Any CPU = Release|Any CPU
	EndGlobalSection
	GlobalSection(ProjectConfigurationPlatforms) = postSolution
		{B48265BC-2567-4C0D-BC66-B53C4D921F29}.Debug|Any CPU.ActiveCfg = Debug|Any CPU
		{B48265BC-2567-4C0D-BC66-B53C4D921F29}.Debug|Any CPU.Build.0 = Debug|Any CPU
		{B48265BC-2567-4C0D-BC66-B53C4D921F29}.Release|Any CPU.ActiveCfg = Release|Any CPU
		{B48265BC-2567-4C0D-BC66-B53C4D921F29}.Release|Any CPU.Build.0 = Release|Any CPU
	EndGlobalSection
	GlobalSection(SolutionProperties) = preSolution
		HideSolutionNode = FALSE
	EndGlobalSection
	GlobalSection(ExtensibilityGlobals) = postSolution
		SolutionGuid = {89A49AEF-A367-4678-9DA0-A5645791AB04}
	EndGlobalSection
EndGlobal
